github.com/ppeetteerrs/wowchemy-hugo-modules/v5 v5.3.1-0.20210829175852-bb20b1b40d77/go.mod h1:OyS6HRtlZBlr9X4LMHDxsMcyLvW56EjWClIf4m+7EiA=
github.com/ppeetteerrs/wowchemy-hugo-modules/v5 v5.3.1/go.mod h1:OyS6HRtlZBlr9X4LMHDxsMcyLvW56EjWClIf4m+7EiA=
github.com/ppeetteerrs/wowchemy-hugo-modules/v5 v5.3.2 h1:cY5IgirrQV5bSgFf32uG2QFFa/TinMfs35zOEbTNrag=
github.com/ppeetteerrs/wowchemy-hugo-modules/v5 v5.3.2/go.mod h1:6kmbu0baYy8WdSfS7+Iq2FzPmUfr5UxOKyjwwDlaeL0=
github.com/wowchemy/wowchemy-hugo-modules/v5 v5.3.0/go.mod h1:akNBhhT0UAOXSREplKkLe2wyHeo51qm6f+vqNkQkcmE=
github.com/wowchemy/wowchemy-hugo-modules/wowchemy-cms/v5 v5.0.0-20210629192904-559885af86b7/go.mod h1:Sp/AKo+2HAPi/IPHp1MEdKPmee+mzO5+efUBUPLPqPE=
github.com/wowchemy/wowchemy-hugo-modules/wowchemy-cms/v5 v5.0.0-20210811091031-81345fad46b5 h1:/diHD9slElL+EQnfhUs6XtCxRTeostlC5wIAtCOXbe4=
github.com/wowchemy/wowchemy-hugo-modules/wowchemy-cms/v5 v5.0.0-20210811091031-81345fad46b5/go.mod h1:Sp/AKo+2HAPi/IPHp1MEdKPmee+mzO5+efUBUPLPqPE=
github.com/wowchemy/wowchemy-hugo-modules/wowchemy/v5 v5.0.0-20210629192904-559885af86b7/go.mod h1:2iL9rdrUYyJXX2BeHKfK+QbqZlubCsaR60nQ87NRQTY=
github.com/wowchemy/wowchemy-hugo-modules/wowchemy/v5 v5.0.0-20210811091031-81345fad46b5 h1:rhnjupk4KOsWyULAqsplsV7gB6qfDyW8VsyleoTdiPM=
github.com/wowchemy/wowchemy-hugo-modules/wowchemy/v5 v5.0.0-20210811091031-81345fad46b5/go.mod h1:2iL9rdrUYyJXX2BeHKfK+QbqZlubCsaR60nQ87NRQTY=
